
Microsoft Visual Studio Solution File, Format Version 12.00
# Visual Studio 15
VisualStudioVersion = 15.0.28307.902
MinimumVisualStudioVersion = 10.0.40219.1
Project("{FAE04EC0-301F-11D3-BF4B-00C04F79EFBC}") = "QLSTGUI", "QLST\QLSTGUI.csproj", "{A64C0201-0F69-49B2-A836-16755287254D}"
EndProject
Project("{FAE04EC0-301F-11D3-BF4B-00C04F79EFBC}") = "QLSTDTO", "QLSTDTO\QLSTDTO.csproj", "{C529F84E-3A94-4F30-AF38-269D0B970513}"
EndProject
Project("{FAE04EC0-301F-11D3-BF4B-00C04F79EFBC}") = "QLSTDAL", "QLSTDAL\QLSTDAL.csproj", "{02DB2859-2FC9-4856-95ED-0041FC001E2B}"
EndProject
Project("{FAE04EC0-301F-11D3-BF4B-00C04F79EFBC}") = "QLSTBUS", "QLSTBUS\QLSTBUS.csproj", "{C8670696-794B-49A0-9FA9-F6E849040B3B}"
EndProject
Project("{2150E333-8FDC-42A3-9474-1A3956D46DE8}") = "Resources", "Resources", "{389A5F34-3E37-429E-ABFE-FA8A4C366219}"
	ProjectSection(SolutionItems) = preProject
		..\UI_DESIGN\DX_SIEUTHI_MINI\DX_SIEUTHI_MINI\Resources\actions_zoom.svg = ..\UI_DESIGN\DX_SIEUTHI_MINI\DX_SIEUTHI_MINI\Resources\actions_zoom.svg
		..\UI_DESIGN\DX_SIEUTHI_MINI\DX_SIEUTHI_MINI\Resources\actions_zoom1.svg = ..\UI_DESIGN\DX_SIEUTHI_MINI\DX_SIEUTHI_MINI\Resources\actions_zoom1.svg
		..\UI_DESIGN\DX_SIEUTHI_MINI\DX_SIEUTHI_MINI\Resources\actions_zoom2.svg = ..\UI_DESIGN\DX_SIEUTHI_MINI\DX_SIEUTHI_MINI\Resources\actions_zoom2.svg
		..\UI_DESIGN\DX_SIEUTHI_MINI\DX_SIEUTHI_MINI\Resources\actions_zoom3.svg = ..\UI_DESIGN\DX_SIEUTHI_MINI\DX_SIEUTHI_MINI\Resources\actions_zoom3.svg
		..\UI_DESIGN\DX_SIEUTHI_MINI\DX_SIEUTHI_MINI\Resources\actions_zoom4.svg = ..\UI_DESIGN\DX_SIEUTHI_MINI\DX_SIEUTHI_MINI\Resources\actions_zoom4.svg
		..\UI_DESIGN\DX_SIEUTHI_MINI\DX_SIEUTHI_MINI\Resources\addfile_16x16.png = ..\UI_DESIGN\DX_SIEUTHI_MINI\DX_SIEUTHI_MINI\Resources\addfile_16x16.png
		..\UI_DESIGN\DX_SIEUTHI_MINI\DX_SIEUTHI_MINI\Resources\addfile_32x32.png = ..\UI_DESIGN\DX_SIEUTHI_MINI\DX_SIEUTHI_MINI\Resources\addfile_32x32.png
		..\UI_DESIGN\DX_SIEUTHI_MINI\DX_SIEUTHI_MINI\Resources\addfile_32x321.png = ..\UI_DESIGN\DX_SIEUTHI_MINI\DX_SIEUTHI_MINI\Resources\addfile_32x321.png
		..\UI_DESIGN\DX_SIEUTHI_MINI\DX_SIEUTHI_MINI\Resources\bo_appointment.svg = ..\UI_DESIGN\DX_SIEUTHI_MINI\DX_SIEUTHI_MINI\Resources\bo_appointment.svg
		..\UI_DESIGN\DX_SIEUTHI_MINI\DX_SIEUTHI_MINI\Resources\charthorizontalaxis_logscale.svg = ..\UI_DESIGN\DX_SIEUTHI_MINI\DX_SIEUTHI_MINI\Resources\charthorizontalaxis_logscale.svg
		..\UI_DESIGN\DX_SIEUTHI_MINI\DX_SIEUTHI_MINI\Resources\delete_16x16.png = ..\UI_DESIGN\DX_SIEUTHI_MINI\DX_SIEUTHI_MINI\Resources\delete_16x16.png
		..\UI_DESIGN\DX_SIEUTHI_MINI\DX_SIEUTHI_MINI\Resources\delete_32x32.png = ..\UI_DESIGN\DX_SIEUTHI_MINI\DX_SIEUTHI_MINI\Resources\delete_32x32.png
		..\UI_DESIGN\DX_SIEUTHI_MINI\DX_SIEUTHI_MINI\Resources\exporttopdf_16x16.png = ..\UI_DESIGN\DX_SIEUTHI_MINI\DX_SIEUTHI_MINI\Resources\exporttopdf_16x16.png
		..\UI_DESIGN\DX_SIEUTHI_MINI\DX_SIEUTHI_MINI\Resources\exporttopdf_32x32.png = ..\UI_DESIGN\DX_SIEUTHI_MINI\DX_SIEUTHI_MINI\Resources\exporttopdf_32x32.png
		..\UI_DESIGN\DX_SIEUTHI_MINI\DX_SIEUTHI_MINI\Resources\exporttopdf_32x321.png = ..\UI_DESIGN\DX_SIEUTHI_MINI\DX_SIEUTHI_MINI\Resources\exporttopdf_32x321.png
		..\UI_DESIGN\DX_SIEUTHI_MINI\DX_SIEUTHI_MINI\Resources\save_16x16.png = ..\UI_DESIGN\DX_SIEUTHI_MINI\DX_SIEUTHI_MINI\Resources\save_16x16.png
		..\UI_DESIGN\DX_SIEUTHI_MINI\DX_SIEUTHI_MINI\Resources\save_32x32.png = ..\UI_DESIGN\DX_SIEUTHI_MINI\DX_SIEUTHI_MINI\Resources\save_32x32.png
	EndProjectSection
EndProject
Global
	GlobalSection(SolutionConfigurationPlatforms) = preSolution
		Debug|Any CPU = Debug|Any CPU
		Release|Any CPU = Release|Any CPU
	EndGlobalSection
	GlobalSection(ProjectConfigurationPlatforms) = postSolution
		{A64C0201-0F69-49B2-A836-16755287254D}.Debug|Any CPU.ActiveCfg = Debug|Any CPU
		{A64C0201-0F69-49B2-A836-16755287254D}.Debug|Any CPU.Build.0 = Debug|Any CPU
		{A64C0201-0F69-49B2-A836-16755287254D}.Release|Any CPU.ActiveCfg = Release|Any CPU
		{A64C0201-0F69-49B2-A836-16755287254D}.Release|Any CPU.Build.0 = Release|Any CPU
		{C529F84E-3A94-4F30-AF38-269D0B970513}.Debug|Any CPU.ActiveCfg = Debug|Any CPU
		{C529F84E-3A94-4F30-AF38-269D0B970513}.Debug|Any CPU.Build.0 = Debug|Any CPU
		{C529F84E-3A94-4F30-AF38-269D0B970513}.Release|Any CPU.ActiveCfg = Release|Any CPU
		{C529F84E-3A94-4F30-AF38-269D0B970513}.Release|Any CPU.Build.0 = Release|Any CPU
		{02DB2859-2FC9-4856-95ED-0041FC001E2B}.Debug|Any CPU.ActiveCfg = Debug|Any CPU
		{02DB2859-2FC9-4856-95ED-0041FC001E2B}.Debug|Any CPU.Build.0 = Debug|Any CPU
		{02DB2859-2FC9-4856-95ED-0041FC001E2B}.Release|Any CPU.ActiveCfg = Release|Any CPU
		{02DB2859-2FC9-4856-95ED-0041FC001E2B}.Release|Any CPU.Build.0 = Release|Any CPU
		{C8670696-794B-49A0-9FA9-F6E849040B3B}.Debug|Any CPU.ActiveCfg = Debug|Any CPU
		{C8670696-794B-49A0-9FA9-F6E849040B3B}.Debug|Any CPU.Build.0 = Debug|Any CPU
		{C8670696-794B-49A0-9FA9-F6E849040B3B}.Release|Any CPU.ActiveCfg = Release|Any CPU
		{C8670696-794B-49A0-9FA9-F6E849040B3B}.Release|Any CPU.Build.0 = Release|Any CPU
	EndGlobalSection
	GlobalSection(SolutionProperties) = preSolution
		HideSolutionNode = FALSE
	EndGlobalSection
	GlobalSection(ExtensibilityGlobals) = postSolution
		SolutionGuid = {91567A54-FBBF-4E0F-894A-37273DE43FA6}
	EndGlobalSection
EndGlobal
